
Microsoft Visual Studio Solution File, Format Version 12.00
# Visual Studio Version 17
VisualStudioVersion = 17.2.32414.248
MinimumVisualStudioVersion = 10.0.40219.1
Project("{FAE04EC0-301F-11D3-BF4B-00C04F79EFBC}") = "Repunsitory.Server", "Repunsitory\Server\Repunsitory.Server.csproj", "{F9D017B0-28B9-4304-8E31-8BBB62B69C25}"
EndProject
Project("{FAE04EC0-301F-11D3-BF4B-00C04F79EFBC}") = "Repunsitory.Client", "Repunsitory\Client\Repunsitory.Client.csproj", "{3CB9D3E9-1153-4E64-A0F9-1CE6486F156A}"
EndProject
Project("{FAE04EC0-301F-11D3-BF4B-00C04F79EFBC}") = "Repunsitory.Shared", "Repunsitory\Shared\Repunsitory.Shared.csproj", "{073C573B-F276-40B4-8A3D-47BED640817B}"
EndProject
Global
	GlobalSection(SolutionConfigurationPlatforms) = preSolution
		Debug|Any CPU = Debug|Any CPU
		Release|Any CPU = Release|Any CPU
	EndGlobalSection
	GlobalSection(ProjectConfigurationPlatforms) = postSolution
		{F9D017B0-28B9-4304-8E31-8BBB62B69C25}.Debug|Any CPU.ActiveCfg = Debug|Any CPU
		{F9D017B0-28B9-4304-8E31-8BBB62B69C25}.Debug|Any CPU.Build.0 = Debug|Any CPU
		{F9D017B0-28B9-4304-8E31-8BBB62B69C25}.Release|Any CPU.ActiveCfg = Release|Any CPU
		{F9D017B0-28B9-4304-8E31-8BBB62B69C25}.Release|Any CPU.Build.0 = Release|Any CPU
		{3CB9D3E9-1153-4E64-A0F9-1CE6486F156A}.Debug|Any CPU.ActiveCfg = Debug|Any CPU
		{3CB9D3E9-1153-4E64-A0F9-1CE6486F156A}.Debug|Any CPU.Build.0 = Debug|Any CPU
		{3CB9D3E9-1153-4E64-A0F9-1CE6486F156A}.Release|Any CPU.ActiveCfg = Release|Any CPU
		{3CB9D3E9-1153-4E64-A0F9-1CE6486F156A}.Release|Any CPU.Build.0 = Release|Any CPU
		{073C573B-F276-40B4-8A3D-47BED640817B}.Debug|Any CPU.ActiveCfg = Debug|Any CPU
		{073C573B-F276-40B4-8A3D-47BED640817B}.Debug|Any CPU.Build.0 = Debug|Any CPU
		{073C573B-F276-40B4-8A3D-47BED640817B}.Release|Any CPU.ActiveCfg = Release|Any CPU
		{073C573B-F276-40B4-8A3D-47BED640817B}.Release|Any CPU.Build.0 = Release|Any CPU
	EndGlobalSection
	GlobalSection(SolutionProperties) = preSolution
		HideSolutionNode = FALSE
	EndGlobalSection
	GlobalSection(ExtensibilityGlobals) = postSolution
		SolutionGuid = {F02E3616-90B3-4A3C-A7CA-26955396CC4F}
	EndGlobalSection
EndGlobal
